// !$*UTF8*$!
{
	archiveVersion = 1;
	classes = {
	};
	objectVersion = 56;
	objects = {

/* Begin PBXBuildFile section */
		3F7FB10143D599B96D3EBD98 /* Pods_Pedestrian.framework in Frameworks */ = {isa = PBXBuildFile; fileRef = 13AB8EB51DB96636F7334C80 /* Pods_Pedestrian.framework */; };
		BE09198D296FC22300E1CE13 /* UICollectionViewLayout+Ext.swift in Sources */ = {isa = PBXBuildFile; fileRef = BE09198C296FC22300E1CE13 /* UICollectionViewLayout+Ext.swift */; };
		BE15AF37296134C8007D4D23 /* AppDelegate.swift in Sources */ = {isa = PBXBuildFile; fileRef = BE15AF36296134C8007D4D23 /* AppDelegate.swift */; };
		BE15AF39296134C8007D4D23 /* SceneDelegate.swift in Sources */ = {isa = PBXBuildFile; fileRef = BE15AF38296134C8007D4D23 /* SceneDelegate.swift */; };
		BE15AF3B296134C8007D4D23 /* HomeScreen.swift in Sources */ = {isa = PBXBuildFile; fileRef = BE15AF3A296134C8007D4D23 /* HomeScreen.swift */; };
		BE15AF40296134C9007D4D23 /* Assets.xcassets in Resources */ = {isa = PBXBuildFile; fileRef = BE15AF3F296134C9007D4D23 /* Assets.xcassets */; };
		BE15AF43296134C9007D4D23 /* LaunchScreen.storyboard in Resources */ = {isa = PBXBuildFile; fileRef = BE15AF41296134C9007D4D23 /* LaunchScreen.storyboard */; };
		BE15AF4F2962168D007D4D23 /* PedometerManager.swift in Sources */ = {isa = PBXBuildFile; fileRef = BE15AF4E2962168D007D4D23 /* PedometerManager.swift */; };
		BE15AF5229622F38007D4D23 /* StepProgressView.swift in Sources */ = {isa = PBXBuildFile; fileRef = BE15AF5129622F38007D4D23 /* StepProgressView.swift */; };
		BE15AF5629623EB3007D4D23 /* InfoSection.swift in Sources */ = {isa = PBXBuildFile; fileRef = BE15AF5529623EB3007D4D23 /* InfoSection.swift */; };
		BE15AF5829624110007D4D23 /* InfoRow.swift in Sources */ = {isa = PBXBuildFile; fileRef = BE15AF5729624110007D4D23 /* InfoRow.swift */; };
		BE28523A297214A8004201EE /* PedestrianDay+CoreDataClass.swift in Sources */ = {isa = PBXBuildFile; fileRef = BE285238297214A8004201EE /* PedestrianDay+CoreDataClass.swift */; };
		BE28523B297214A8004201EE /* PedestrianDay+CoreDataProperties.swift in Sources */ = {isa = PBXBuildFile; fileRef = BE285239297214A8004201EE /* PedestrianDay+CoreDataProperties.swift */; };
		BE28523D2972662D004201EE /* ReusableFooterView.swift in Sources */ = {isa = PBXBuildFile; fileRef = BE28523C2972662D004201EE /* ReusableFooterView.swift */; };
		BE2D46052968D62300973B21 /* String+Ext.swift in Sources */ = {isa = PBXBuildFile; fileRef = BE2D46042968D62300973B21 /* String+Ext.swift */; };
		BE33E59529678EB400E1C77F /* UIViewControllerPreview.swift in Sources */ = {isa = PBXBuildFile; fileRef = BE33E59429678EB400E1C77F /* UIViewControllerPreview.swift */; };
		BE36080F2972071F00A6C0AD /* PedestrianDataStore.swift in Sources */ = {isa = PBXBuildFile; fileRef = BE36080E2972071F00A6C0AD /* PedestrianDataStore.swift */; };
		BE36081129720CCE00A6C0AD /* PersistenceManager.swift in Sources */ = {isa = PBXBuildFile; fileRef = BE36081029720CCE00A6C0AD /* PersistenceManager.swift */; };
		BE3707C32966597E00B67D8A /* InfoCell.swift in Sources */ = {isa = PBXBuildFile; fileRef = BE3707C22966597E00B67D8A /* InfoCell.swift */; };
		BE3707C52966738000B67D8A /* ReusableHeaderView.swift in Sources */ = {isa = PBXBuildFile; fileRef = BE3707C42966738000B67D8A /* ReusableHeaderView.swift */; };
		BE3707CB2966B2C400B67D8A /* OpenSystemSettingsScreen.swift in Sources */ = {isa = PBXBuildFile; fileRef = BE3707CA2966B2C400B67D8A /* OpenSystemSettingsScreen.swift */; };
		BE3707CD2966B74F00B67D8A /* LoadingStatusScreen.swift in Sources */ = {isa = PBXBuildFile; fileRef = BE3707CC2966B74F00B67D8A /* LoadingStatusScreen.swift */; };
		BE39EF6C2971F6E600999697 /* Pedestrian.xcdatamodeld in Sources */ = {isa = PBXBuildFile; fileRef = BE39EF6A2971F6E600999697 /* Pedestrian.xcdatamodeld */; };
		BE55766F296A06A100A0A927 /* ConfettiView.swift in Sources */ = {isa = PBXBuildFile; fileRef = BE55766E296A06A100A0A927 /* ConfettiView.swift */; };
		BED6A803297342D6004142EC /* SettingsScreen.swift in Sources */ = {isa = PBXBuildFile; fileRef = BED6A802297342D6004142EC /* SettingsScreen.swift */; };
		BEED0E052962460B00C6656D /* UIViewPreview.swift in Sources */ = {isa = PBXBuildFile; fileRef = BEED0E042962460B00C6656D /* UIViewPreview.swift */; };
		BEED0E0B29627E4D00C6656D /* MetricsScreen.swift in Sources */ = {isa = PBXBuildFile; fileRef = BEED0E0A29627E4D00C6656D /* MetricsScreen.swift */; };
		BEED7E45296D32850077DA71 /* UIImage+Ext.swift in Sources */ = {isa = PBXBuildFile; fileRef = BEED7E44296D32850077DA71 /* UIImage+Ext.swift */; };
/* End PBXBuildFile section */

/* Begin PBXFileReference section */
		13AB8EB51DB96636F7334C80 /* Pods_Pedestrian.framework */ = {isa = PBXFileReference; explicitFileType = wrapper.framework; includeInIndex = 0; path = Pods_Pedestrian.framework; sourceTree = BUILT_PRODUCTS_DIR; };
		3DE967FCDA1F8A35AEEDD0FD /* Pods-Pedestrian.debug.xcconfig */ = {isa = PBXFileReference; includeInIndex = 1; lastKnownFileType = text.xcconfig; name = "Pods-Pedestrian.debug.xcconfig"; path = "Target Support Files/Pods-Pedestrian/Pods-Pedestrian.debug.xcconfig"; sourceTree = "<group>"; };
		9C9E5627531AB7894F7C1EBF /* Pods-Pedestrian.release.xcconfig */ = {isa = PBXFileReference; includeInIndex = 1; lastKnownFileType = text.xcconfig; name = "Pods-Pedestrian.release.xcconfig"; path = "Target Support Files/Pods-Pedestrian/Pods-Pedestrian.release.xcconfig"; sourceTree = "<group>"; };
		BE09198C296FC22300E1CE13 /* UICollectionViewLayout+Ext.swift */ = {isa = PBXFileReference; lastKnownFileType = sourcecode.swift; path = "UICollectionViewLayout+Ext.swift"; sourceTree = "<group>"; };
		BE15AF33296134C8007D4D23 /* Pedestrian.app */ = {isa = PBXFileReference; explicitFileType = wrapper.application; includeInIndex = 0; path = Pedestrian.app; sourceTree = BUILT_PRODUCTS_DIR; };
		BE15AF36296134C8007D4D23 /* AppDelegate.swift */ = {isa = PBXFileReference; lastKnownFileType = sourcecode.swift; path = AppDelegate.swift; sourceTree = "<group>"; };
		BE15AF38296134C8007D4D23 /* SceneDelegate.swift */ = {isa = PBXFileReference; lastKnownFileType = sourcecode.swift; path = SceneDelegate.swift; sourceTree = "<group>"; };
		BE15AF3A296134C8007D4D23 /* HomeScreen.swift */ = {isa = PBXFileReference; lastKnownFileType = sourcecode.swift; path = HomeScreen.swift; sourceTree = "<group>"; };
		BE15AF3F296134C9007D4D23 /* Assets.xcassets */ = {isa = PBXFileReference; lastKnownFileType = folder.assetcatalog; path = Assets.xcassets; sourceTree = "<group>"; };
		BE15AF42296134C9007D4D23 /* Base */ = {isa = PBXFileReference; lastKnownFileType = file.storyboard; name = Base; path = Base.lproj/LaunchScreen.storyboard; sourceTree = "<group>"; };
		BE15AF44296134C9007D4D23 /* Info.plist */ = {isa = PBXFileReference; lastKnownFileType = text.plist.xml; path = Info.plist; sourceTree = "<group>"; };
		BE15AF4E2962168D007D4D23 /* PedometerManager.swift */ = {isa = PBXFileReference; lastKnownFileType = sourcecode.swift; path = PedometerManager.swift; sourceTree = "<group>"; };
		BE15AF5129622F38007D4D23 /* StepProgressView.swift */ = {isa = PBXFileReference; lastKnownFileType = sourcecode.swift; path = StepProgressView.swift; sourceTree = "<group>"; };
		BE15AF5529623EB3007D4D23 /* InfoSection.swift */ = {isa = PBXFileReference; lastKnownFileType = sourcecode.swift; path = InfoSection.swift; sourceTree = "<group>"; };
		BE15AF5729624110007D4D23 /* InfoRow.swift */ = {isa = PBXFileReference; lastKnownFileType = sourcecode.swift; path = InfoRow.swift; sourceTree = "<group>"; };
		BE285238297214A8004201EE /* PedestrianDay+CoreDataClass.swift */ = {isa = PBXFileReference; lastKnownFileType = sourcecode.swift; name = "PedestrianDay+CoreDataClass.swift"; path = "Pedestrian/Coredata/PedestrianDay+CoreDataClass.swift"; sourceTree = "<group>"; };
		BE285239297214A8004201EE /* PedestrianDay+CoreDataProperties.swift */ = {isa = PBXFileReference; lastKnownFileType = sourcecode.swift; name = "PedestrianDay+CoreDataProperties.swift"; path = "Pedestrian/Coredata/PedestrianDay+CoreDataProperties.swift"; sourceTree = "<group>"; };
		BE28523C2972662D004201EE /* ReusableFooterView.swift */ = {isa = PBXFileReference; lastKnownFileType = sourcecode.swift; path = ReusableFooterView.swift; sourceTree = "<group>"; };
		BE2D46042968D62300973B21 /* String+Ext.swift */ = {isa = PBXFileReference; lastKnownFileType = sourcecode.swift; path = "String+Ext.swift"; sourceTree = "<group>"; };
		BE33E59429678EB400E1C77F /* UIViewControllerPreview.swift */ = {isa = PBXFileReference; lastKnownFileType = sourcecode.swift; path = UIViewControllerPreview.swift; sourceTree = "<group>"; };
		BE36080E2972071F00A6C0AD /* PedestrianDataStore.swift */ = {isa = PBXFileReference; lastKnownFileType = sourcecode.swift; path = PedestrianDataStore.swift; sourceTree = "<group>"; };
		BE36081029720CCE00A6C0AD /* PersistenceManager.swift */ = {isa = PBXFileReference; lastKnownFileType = sourcecode.swift; path = PersistenceManager.swift; sourceTree = "<group>"; };
		BE3707C22966597E00B67D8A /* InfoCell.swift */ = {isa = PBXFileReference; lastKnownFileType = sourcecode.swift; path = InfoCell.swift; sourceTree = "<group>"; };
		BE3707C42966738000B67D8A /* ReusableHeaderView.swift */ = {isa = PBXFileReference; lastKnownFileType = sourcecode.swift; path = ReusableHeaderView.swift; sourceTree = "<group>"; };
		BE3707CA2966B2C400B67D8A /* OpenSystemSettingsScreen.swift */ = {isa = PBXFileReference; lastKnownFileType = sourcecode.swift; path = OpenSystemSettingsScreen.swift; sourceTree = "<group>"; };
		BE3707CC2966B74F00B67D8A /* LoadingStatusScreen.swift */ = {isa = PBXFileReference; lastKnownFileType = sourcecode.swift; path = LoadingStatusScreen.swift; sourceTree = "<group>"; };
		BE39EF6B2971F6E600999697 /* Pedestrian.xcdatamodel */ = {isa = PBXFileReference; lastKnownFileType = wrapper.xcdatamodel; path = Pedestrian.xcdatamodel; sourceTree = "<group>"; };
		BE55766E296A06A100A0A927 /* ConfettiView.swift */ = {isa = PBXFileReference; lastKnownFileType = sourcecode.swift; path = ConfettiView.swift; sourceTree = "<group>"; };
		BED6A802297342D6004142EC /* SettingsScreen.swift */ = {isa = PBXFileReference; lastKnownFileType = sourcecode.swift; path = SettingsScreen.swift; sourceTree = "<group>"; };
		BEED0E042962460B00C6656D /* UIViewPreview.swift */ = {isa = PBXFileReference; lastKnownFileType = sourcecode.swift; path = UIViewPreview.swift; sourceTree = "<group>"; };
		BEED0E0A29627E4D00C6656D /* MetricsScreen.swift */ = {isa = PBXFileReference; lastKnownFileType = sourcecode.swift; path = MetricsScreen.swift; sourceTree = "<group>"; };
		BEED7E44296D32850077DA71 /* UIImage+Ext.swift */ = {isa = PBXFileReference; lastKnownFileType = sourcecode.swift; path = "UIImage+Ext.swift"; sourceTree = "<group>"; };
/* End PBXFileReference section */

/* Begin PBXFrameworksBuildPhase section */
		BE15AF30296134C8007D4D23 /* Frameworks */ = {
			isa = PBXFrameworksBuildPhase;
			buildActionMask = 2147483647;
			files = (
				3F7FB10143D599B96D3EBD98 /* Pods_Pedestrian.framework in Frameworks */,
			);
			runOnlyForDeploymentPostprocessing = 0;
		};
/* End PBXFrameworksBuildPhase section */

/* Begin PBXGroup section */
		AAF44DDBDC5027C9CD8766D3 /* Frameworks */ = {
			isa = PBXGroup;
			children = (
				13AB8EB51DB96636F7334C80 /* Pods_Pedestrian.framework */,
			);
			name = Frameworks;
			sourceTree = "<group>";
		};
		BE15AF2A296134C8007D4D23 = {
			isa = PBXGroup;
			children = (
				BE285238297214A8004201EE /* PedestrianDay+CoreDataClass.swift */,
				BE285239297214A8004201EE /* PedestrianDay+CoreDataProperties.swift */,
				BE15AF35296134C8007D4D23 /* Pedestrian */,
				BE15AF34296134C8007D4D23 /* Products */,
				DAEAD486A0AE2B716F35EF09 /* Pods */,
				AAF44DDBDC5027C9CD8766D3 /* Frameworks */,
			);
			sourceTree = "<group>";
		};
		BE15AF34296134C8007D4D23 /* Products */ = {
			isa = PBXGroup;
			children = (
				BE15AF33296134C8007D4D23 /* Pedestrian.app */,
			);
			name = Products;
			sourceTree = "<group>";
		};
		BE15AF35296134C8007D4D23 /* Pedestrian */ = {
			isa = PBXGroup;
			children = (
				BE39EF662971F66400999697 /* Coredata */,
				BE2D46032968D61900973B21 /* Extensions */,
				BEED0E03296245FF00C6656D /* Helpers */,
				BE15AF5029622EC0007D4D23 /* Views */,
				BE15AF4D29621684007D4D23 /* Managers */,
				BE15AF4C29621628007D4D23 /* Screens */,
				BE15AF4B296134DF007D4D23 /* Support */,
				BE15AF4A296134D7007D4D23 /* App */,
			);
			path = Pedestrian;
			sourceTree = "<group>";
		};
		BE15AF4A296134D7007D4D23 /* App */ = {
			isa = PBXGroup;
			children = (
				BE15AF36296134C8007D4D23 /* AppDelegate.swift */,
				BE15AF38296134C8007D4D23 /* SceneDelegate.swift */,
			);
			path = App;
			sourceTree = "<group>";
		};
		BE15AF4B296134DF007D4D23 /* Support */ = {
			isa = PBXGroup;
			children = (
				BE15AF3F296134C9007D4D23 /* Assets.xcassets */,
				BE15AF41296134C9007D4D23 /* LaunchScreen.storyboard */,
				BE15AF44296134C9007D4D23 /* Info.plist */,
			);
			name = Support;
			sourceTree = "<group>";
		};
		BE15AF4C29621628007D4D23 /* Screens */ = {
			isa = PBXGroup;
			children = (
				BE15AF3A296134C8007D4D23 /* HomeScreen.swift */,
				BEED0E0A29627E4D00C6656D /* MetricsScreen.swift */,
				BE3707CA2966B2C400B67D8A /* OpenSystemSettingsScreen.swift */,
				BE3707CC2966B74F00B67D8A /* LoadingStatusScreen.swift */,
				BED6A802297342D6004142EC /* SettingsScreen.swift */,
			);
			path = Screens;
			sourceTree = "<group>";
		};
		BE15AF4D29621684007D4D23 /* Managers */ = {
			isa = PBXGroup;
			children = (
				BE36081029720CCE00A6C0AD /* PersistenceManager.swift */,
				BE15AF4E2962168D007D4D23 /* PedometerManager.swift */,
			);
			path = Managers;
			sourceTree = "<group>";
		};
		BE15AF5029622EC0007D4D23 /* Views */ = {
			isa = PBXGroup;
			children = (
				BE33E58F29678A3B00E1C77F /* CollectionView */,
				BE33E58E29678A2E00E1C77F /* CustomViews */,
			);
			path = Views;
			sourceTree = "<group>";
		};
		BE2D46032968D61900973B21 /* Extensions */ = {
			isa = PBXGroup;
			children = (
				BE2D46042968D62300973B21 /* String+Ext.swift */,
				BEED7E44296D32850077DA71 /* UIImage+Ext.swift */,
				BE09198C296FC22300E1CE13 /* UICollectionViewLayout+Ext.swift */,
			);
			path = Extensions;
			sourceTree = "<group>";
		};
		BE33E58E29678A2E00E1C77F /* CustomViews */ = {
			isa = PBXGroup;
			children = (
				BE15AF5129622F38007D4D23 /* StepProgressView.swift */,
				BE15AF5529623EB3007D4D23 /* InfoSection.swift */,
				BE15AF5729624110007D4D23 /* InfoRow.swift */,
				BE55766E296A06A100A0A927 /* ConfettiView.swift */,
			);
			path = CustomViews;
			sourceTree = "<group>";
		};
		BE33E58F29678A3B00E1C77F /* CollectionView */ = {
			isa = PBXGroup;
			children = (
				BE3707C22966597E00B67D8A /* InfoCell.swift */,
				BE3707C42966738000B67D8A /* ReusableHeaderView.swift */,
				BE28523C2972662D004201EE /* ReusableFooterView.swift */,
			);
			path = CollectionView;
			sourceTree = "<group>";
		};
		BE39EF662971F66400999697 /* Coredata */ = {
			isa = PBXGroup;
			children = (
				BE39EF6A2971F6E600999697 /* Pedestrian.xcdatamodeld */,
				BE36080E2972071F00A6C0AD /* PedestrianDataStore.swift */,
			);
			path = Coredata;
			sourceTree = "<group>";
		};
		BEED0E03296245FF00C6656D /* Helpers */ = {
			isa = PBXGroup;
			children = (
				BEED0E042962460B00C6656D /* UIViewPreview.swift */,
				BE33E59429678EB400E1C77F /* UIViewControllerPreview.swift */,
			);
			path = Helpers;
			sourceTree = "<group>";
		};
		DAEAD486A0AE2B716F35EF09 /* Pods */ = {
			isa = PBXGroup;
			children = (
				3DE967FCDA1F8A35AEEDD0FD /* Pods-Pedestrian.debug.xcconfig */,
				9C9E5627531AB7894F7C1EBF /* Pods-Pedestrian.release.xcconfig */,
			);
			path = Pods;
			sourceTree = "<group>";
		};
/* End PBXGroup section */

/* Begin PBXNativeTarget section */
		BE15AF32296134C8007D4D23 /* Pedestrian */ = {
			isa = PBXNativeTarget;
			buildConfigurationList = BE15AF47296134C9007D4D23 /* Build configuration list for PBXNativeTarget "Pedestrian" */;
			buildPhases = (
				C225FEEB129611982C7E58CD /* [CP] Check Pods Manifest.lock */,
				BE15AF2F296134C8007D4D23 /* Sources */,
				BE15AF30296134C8007D4D23 /* Frameworks */,
				BE15AF31296134C8007D4D23 /* Resources */,
				AA97A2139D8199B978E03B46 /* [CP] Embed Pods Frameworks */,
			);
			buildRules = (
			);
			dependencies = (
			);
			name = Pedestrian;
			productName = Pedestrian;
			productReference = BE15AF33296134C8007D4D23 /* Pedestrian.app */;
			productType = "com.apple.product-type.application";
		};
/* End PBXNativeTarget section */

/* Begin PBXProject section */
		BE15AF2B296134C8007D4D23 /* Project object */ = {
			isa = PBXProject;
			attributes = {
				BuildIndependentTargetsInParallel = 1;
				LastSwiftUpdateCheck = 1400;
				LastUpgradeCheck = 1400;
				TargetAttributes = {
					BE15AF32296134C8007D4D23 = {
						CreatedOnToolsVersion = 14.0;
					};
				};
			};
			buildConfigurationList = BE15AF2E296134C8007D4D23 /* Build configuration list for PBXProject "Pedestrian" */;
			compatibilityVersion = "Xcode 14.0";
			developmentRegion = en;
			hasScannedForEncodings = 0;
			knownRegions = (
				en,
				Base,
			);
			mainGroup = BE15AF2A296134C8007D4D23;
			productRefGroup = BE15AF34296134C8007D4D23 /* Products */;
			projectDirPath = "";
			projectRoot = "";
			targets = (
				BE15AF32296134C8007D4D23 /* Pedestrian */,
			);
		};
/* End PBXProject section */

/* Begin PBXResourcesBuildPhase section */
		BE15AF31296134C8007D4D23 /* Resources */ = {
			isa = PBXResourcesBuildPhase;
			buildActionMask = 2147483647;
			files = (
				BE15AF43296134C9007D4D23 /* LaunchScreen.storyboard in Resources */,
				BE15AF40296134C9007D4D23 /* Assets.xcassets in Resources */,
			);
			runOnlyForDeploymentPostprocessing = 0;
		};
/* End PBXResourcesBuildPhase section */

/* Begin PBXShellScriptBuildPhase section */
		AA97A2139D8199B978E03B46 /* [CP] Embed Pods Frameworks */ = {
			isa = PBXShellScriptBuildPhase;
			buildActionMask = 2147483647;
			files = (
			);
			inputFileListPaths = (
				"${PODS_ROOT}/Target Support Files/Pods-Pedestrian/Pods-Pedestrian-frameworks-${CONFIGURATION}-input-files.xcfilelist",
			);
			name = "[CP] Embed Pods Frameworks";
			outputFileListPaths = (
				"${PODS_ROOT}/Target Support Files/Pods-Pedestrian/Pods-Pedestrian-frameworks-${CONFIGURATION}-output-files.xcfilelist",
			);
			runOnlyForDeploymentPostprocessing = 0;
			shellPath = /bin/sh;
			shellScript = "\"${PODS_ROOT}/Target Support Files/Pods-Pedestrian/Pods-Pedestrian-frameworks.sh\"\n";
			showEnvVarsInLog = 0;
		};
		C225FEEB129611982C7E58CD /* [CP] Check Pods Manifest.lock */ = {
			isa = PBXShellScriptBuildPhase;
			buildActionMask = 2147483647;
			files = (
			);
			inputFileListPaths = (
			);
			inputPaths = (
				"${PODS_PODFILE_DIR_PATH}/Podfile.lock",
				"${PODS_ROOT}/Manifest.lock",
			);
			name = "[CP] Check Pods Manifest.lock";
			outputFileListPaths = (
			);
			outputPaths = (
				"$(DERIVED_FILE_DIR)/Pods-Pedestrian-checkManifestLockResult.txt",
			);
			runOnlyForDeploymentPostprocessing = 0;
			shellPath = /bin/sh;
			shellScript = "diff \"${PODS_PODFILE_DIR_PATH}/Podfile.lock\" \"${PODS_ROOT}/Manifest.lock\" > /dev/null\nif [ $? != 0 ] ; then\n    # print error to STDERR\n    echo \"error: The sandbox is not in sync with the Podfile.lock. Run 'pod install' or update your CocoaPods installation.\" >&2\n    exit 1\nfi\n# This output is used by Xcode 'outputs' to avoid re-running this script phase.\necho \"SUCCESS\" > \"${SCRIPT_OUTPUT_FILE_0}\"\n";
			showEnvVarsInLog = 0;
		};
/* End PBXShellScriptBuildPhase section */

/* Begin PBXSourcesBuildPhase section */
		BE15AF2F296134C8007D4D23 /* Sources */ = {
			isa = PBXSourcesBuildPhase;
			buildActionMask = 2147483647;
			files = (
				BE15AF3B296134C8007D4D23 /* HomeScreen.swift in Sources */,
				BE28523B297214A8004201EE /* PedestrianDay+CoreDataProperties.swift in Sources */,
				BEED0E052962460B00C6656D /* UIViewPreview.swift in Sources */,
				BE28523D2972662D004201EE /* ReusableFooterView.swift in Sources */,
				BE39EF6C2971F6E600999697 /* Pedestrian.xcdatamodeld in Sources */,
				BE3707C52966738000B67D8A /* ReusableHeaderView.swift in Sources */,
				BE15AF37296134C8007D4D23 /* AppDelegate.swift in Sources */,
				BEED0E0B29627E4D00C6656D /* MetricsScreen.swift in Sources */,
				BE33E59529678EB400E1C77F /* UIViewControllerPreview.swift in Sources */,
				BE15AF39296134C8007D4D23 /* SceneDelegate.swift in Sources */,
				BE36081129720CCE00A6C0AD /* PersistenceManager.swift in Sources */,
				BE15AF5629623EB3007D4D23 /* InfoSection.swift in Sources */,
				BE55766F296A06A100A0A927 /* ConfettiView.swift in Sources */,
				BE3707CB2966B2C400B67D8A /* OpenSystemSettingsScreen.swift in Sources */,
				BE15AF5829624110007D4D23 /* InfoRow.swift in Sources */,
				BE15AF5229622F38007D4D23 /* StepProgressView.swift in Sources */,
				BE36080F2972071F00A6C0AD /* PedestrianDataStore.swift in Sources */,
				BE2D46052968D62300973B21 /* String+Ext.swift in Sources */,
				BE28523A297214A8004201EE /* PedestrianDay+CoreDataClass.swift in Sources */,
				BE15AF4F2962168D007D4D23 /* PedometerManager.swift in Sources */,
				BED6A803297342D6004142EC /* SettingsScreen.swift in Sources */,
				BE09198D296FC22300E1CE13 /* UICollectionViewLayout+Ext.swift in Sources */,
				BEED7E45296D32850077DA71 /* UIImage+Ext.swift in Sources */,
				BE3707C32966597E00B67D8A /* InfoCell.swift in Sources */,
				BE3707CD2966B74F00B67D8A /* LoadingStatusScreen.swift in Sources */,
			);
			runOnlyForDeploymentPostprocessing = 0;
		};
/* End PBXSourcesBuildPhase section */

/* Begin PBXVariantGroup section */
		BE15AF41296134C9007D4D23 /* LaunchScreen.storyboard */ = {
			isa = PBXVariantGroup;
			children = (
				BE15AF42296134C9007D4D23 /* Base */,
			);
			name = LaunchScreen.storyboard;
			sourceTree = "<group>";
		};
/* End PBXVariantGroup section */

/* Begin XCBuildConfiguration section */
		BE15AF45296134C9007D4D23 /* Debug */ = {
			isa = XCBuildConfiguration;
			buildSettings = {
				ALWAYS_SEARCH_USER_PATHS = NO;
				CLANG_ANALYZER_NONNULL = YES;
				CLANG_ANALYZER_NUMBER_OBJECT_CONVERSION = YES_AGGRESSIVE;
				CLANG_CXX_LANGUAGE_STANDARD = "gnu++20";
				CLANG_ENABLE_MODULES = YES;
				CLANG_ENABLE_OBJC_ARC = YES;
				CLANG_ENABLE_OBJC_WEAK = YES;
				CLANG_WARN_BLOCK_CAPTURE_AUTORELEASING = YES;
				CLANG_WARN_BOOL_CONVERSION = YES;
				CLANG_WARN_COMMA = YES;
				CLANG_WARN_CONSTANT_CONVERSION = YES;
				CLANG_WARN_DEPRECATED_OBJC_IMPLEMENTATIONS = YES;
				CLANG_WARN_DIRECT_OBJC_ISA_USAGE = YES_ERROR;
				CLANG_WARN_DOCUMENTATION_COMMENTS = YES;
				CLANG_WARN_EMPTY_BODY = YES;
				CLANG_WARN_ENUM_CONVERSION = YES;
				CLANG_WARN_INFINITE_RECURSION = YES;
				CLANG_WARN_INT_CONVERSION = YES;
				CLANG_WARN_NON_LITERAL_NULL_CONVERSION = YES;
				CLANG_WARN_OBJC_IMPLICIT_RETAIN_SELF = YES;
				CLANG_WARN_OBJC_LITERAL_CONVERSION = YES;
				CLANG_WARN_OBJC_ROOT_CLASS = YES_ERROR;
				CLANG_WARN_QUOTED_INCLUDE_IN_FRAMEWORK_HEADER = YES;
				CLANG_WARN_RANGE_LOOP_ANALYSIS = YES;
				CLANG_WARN_STRICT_PROTOTYPES = YES;
				CLANG_WARN_SUSPICIOUS_MOVE = YES;
				CLANG_WARN_UNGUARDED_AVAILABILITY = YES_AGGRESSIVE;
				CLANG_WARN_UNREACHABLE_CODE = YES;
				CLANG_WARN__DUPLICATE_METHOD_MATCH = YES;
				COPY_PHASE_STRIP = NO;
				DEBUG_INFORMATION_FORMAT = dwarf;
				ENABLE_STRICT_OBJC_MSGSEND = YES;
				ENABLE_TESTABILITY = YES;
				GCC_C_LANGUAGE_STANDARD = gnu11;
				GCC_DYNAMIC_NO_PIC = NO;
				GCC_NO_COMMON_BLOCKS = YES;
				GCC_OPTIMIZATION_LEVEL = 0;
				GCC_PREPROCESSOR_DEFINITIONS = (
					"DEBUG=1",
					"$(inherited)",
				);
				GCC_WARN_64_TO_32_BIT_CONVERSION = YES;
				GCC_WARN_ABOUT_RETURN_TYPE = YES_ERROR;
				GCC_WARN_UNDECLARED_SELECTOR = YES;
				GCC_WARN_UNINITIALIZED_AUTOS = YES_AGGRESSIVE;
				GCC_WARN_UNUSED_FUNCTION = YES;
				GCC_WARN_UNUSED_VARIABLE = YES;
				IPHONEOS_DEPLOYMENT_TARGET = 16.0;
				MTL_ENABLE_DEBUG_INFO = INCLUDE_SOURCE;
				MTL_FAST_MATH = YES;
				ONLY_ACTIVE_ARCH = YES;
				SDKROOT = iphoneos;
				SWIFT_ACTIVE_COMPILATION_CONDITIONS = DEBUG;
				SWIFT_OPTIMIZATION_LEVEL = "-Onone";
			};
			name = Debug;
		};
		BE15AF46296134C9007D4D23 /* Release */ = {
			isa = XCBuildConfiguration;
			buildSettings = {
				ALWAYS_SEARCH_USER_PATHS = NO;
				CLANG_ANALYZER_NONNULL = YES;
				CLANG_ANALYZER_NUMBER_OBJECT_CONVERSION = YES_AGGRESSIVE;
				CLANG_CXX_LANGUAGE_STANDARD = "gnu++20";
				CLANG_ENABLE_MODULES = YES;
				CLANG_ENABLE_OBJC_ARC = YES;
				CLANG_ENABLE_OBJC_WEAK = YES;
				CLANG_WARN_BLOCK_CAPTURE_AUTORELEASING = YES;
				CLANG_WARN_BOOL_CONVERSION = YES;
				CLANG_WARN_COMMA = YES;
				CLANG_WARN_CONSTANT_CONVERSION = YES;
				CLANG_WARN_DEPRECATED_OBJC_IMPLEMENTATIONS = YES;
				CLANG_WARN_DIRECT_OBJC_ISA_USAGE = YES_ERROR;
				CLANG_WARN_DOCUMENTATION_COMMENTS = YES;
				CLANG_WARN_EMPTY_BODY = YES;
				CLANG_WARN_ENUM_CONVERSION = YES;
				CLANG_WARN_INFINITE_RECURSION = YES;
				CLANG_WARN_INT_CONVERSION = YES;
				CLANG_WARN_NON_LITERAL_NULL_CONVERSION = YES;
				CLANG_WARN_OBJC_IMPLICIT_RETAIN_SELF = YES;
				CLANG_WARN_OBJC_LITERAL_CONVERSION = YES;
				CLANG_WARN_OBJC_ROOT_CLASS = YES_ERROR;
				CLANG_WARN_QUOTED_INCLUDE_IN_FRAMEWORK_HEADER = YES;
				CLANG_WARN_RANGE_LOOP_ANALYSIS = YES;
				CLANG_WARN_STRICT_PROTOTYPES = YES;
				CLANG_WARN_SUSPICIOUS_MOVE = YES;
				CLANG_WARN_UNGUARDED_AVAILABILITY = YES_AGGRESSIVE;
				CLANG_WARN_UNREACHABLE_CODE = YES;
				CLANG_WARN__DUPLICATE_METHOD_MATCH = YES;
				COPY_PHASE_STRIP = NO;
				DEBUG_INFORMATION_FORMAT = "dwarf-with-dsym";
				ENABLE_NS_ASSERTIONS = NO;
				ENABLE_STRICT_OBJC_MSGSEND = YES;
				GCC_C_LANGUAGE_STANDARD = gnu11;
				GCC_NO_COMMON_BLOCKS = YES;
				GCC_WARN_64_TO_32_BIT_CONVERSION = YES;
				GCC_WARN_ABOUT_RETURN_TYPE = YES_ERROR;
				GCC_WARN_UNDECLARED_SELECTOR = YES;
				GCC_WARN_UNINITIALIZED_AUTOS = YES_AGGRESSIVE;
				GCC_WARN_UNUSED_FUNCTION = YES;
				GCC_WARN_UNUSED_VARIABLE = YES;
				IPHONEOS_DEPLOYMENT_TARGET = 16.0;
				MTL_ENABLE_DEBUG_INFO = NO;
				MTL_FAST_MATH = YES;
				SDKROOT = iphoneos;
				SWIFT_COMPILATION_MODE = wholemodule;
				SWIFT_OPTIMIZATION_LEVEL = "-O";
				VALIDATE_PRODUCT = YES;
			};
			name = Release;
		};
		BE15AF48296134C9007D4D23 /* Debug */ = {
			isa = XCBuildConfiguration;
			baseConfigurationReference = 3DE967FCDA1F8A35AEEDD0FD /* Pods-Pedestrian.debug.xcconfig */;
			buildSettings = {
				ASSETCATALOG_COMPILER_APPICON_NAME = AppIcon;
				ASSETCATALOG_COMPILER_GLOBAL_ACCENT_COLOR_NAME = AccentColor;
				CODE_SIGN_STYLE = Automatic;
				CURRENT_PROJECT_VERSION = 1;
				DEVELOPMENT_TEAM = 7QBR6L4T36;
				GENERATE_INFOPLIST_FILE = YES;
				INFOPLIST_FILE = Pedestrian/Info.plist;
				INFOPLIST_KEY_NSMotionUsageDescription = "Pedestrian requires your motion data to count your daily steps.";
				INFOPLIST_KEY_UIApplicationSupportsIndirectInputEvents = YES;
				INFOPLIST_KEY_UILaunchStoryboardName = LaunchScreen;
				INFOPLIST_KEY_UISupportedInterfaceOrientations = UIInterfaceOrientationPortrait;
				INFOPLIST_KEY_UISupportedInterfaceOrientations_iPad = "UIInterfaceOrientationLandscapeLeft UIInterfaceOrientationLandscapeRight UIInterfaceOrientationPortrait UIInterfaceOrientationPortraitUpsideDown";
				IPHONEOS_DEPLOYMENT_TARGET = 15.0;
				LD_RUNPATH_SEARCH_PATHS = (
					"$(inherited)",
					"@executable_path/Frameworks",
				);
				MARKETING_VERSION = 1.0;
				PRODUCT_BUNDLE_IDENTIFIER = com.jmanuelzaragoza.Pedestrian;
				PRODUCT_NAME = "$(TARGET_NAME)";
				SWIFT_EMIT_LOC_STRINGS = YES;
				SWIFT_VERSION = 5.0;
				TARGETED_DEVICE_FAMILY = "1,2";
			};
			name = Debug;
		};
		BE15AF49296134C9007D4D23 /* Release */ = {
			isa = XCBuildConfiguration;
			baseConfigurationReference = 9C9E5627531AB7894F7C1EBF /* Pods-Pedestrian.release.xcconfig */;
			buildSettings = {
				ASSETCATALOG_COMPILER_APPICON_NAME = AppIcon;
				ASSETCATALOG_COMPILER_GLOBAL_ACCENT_COLOR_NAME = AccentColor;
				CODE_SIGN_STYLE = Automatic;
				CURRENT_PROJECT_VERSION = 1;
				DEVELOPMENT_TEAM = 7QBR6L4T36;
				GENERATE_INFOPLIST_FILE = YES;
				INFOPLIST_FILE = Pedestrian/Info.plist;
				INFOPLIST_KEY_NSMotionUsageDescription = "Pedestrian requires your motion data to count your daily steps.";
				INFOPLIST_KEY_UIApplicationSupportsIndirectInputEvents = YES;
				INFOPLIST_KEY_UILaunchStoryboardName = LaunchScreen;
				INFOPLIST_KEY_UISupportedInterfaceOrientations = UIInterfaceOrientationPortrait;
				INFOPLIST_KEY_UISupportedInterfaceOrientations_iPad = "UIInterfaceOrientationLandscapeLeft UIInterfaceOrientationLandscapeRight UIInterfaceOrientationPortrait UIInterfaceOrientationPortraitUpsideDown";
				IPHONEOS_DEPLOYMENT_TARGET = 15.0;
				LD_RUNPATH_SEARCH_PATHS = (
					"$(inherited)",
					"@executable_path/Frameworks",
				);
				MARKETING_VERSION = 1.0;
				PRODUCT_BUNDLE_IDENTIFIER = com.jmanuelzaragoza.Pedestrian;
				PRODUCT_NAME = "$(TARGET_NAME)";
				SWIFT_EMIT_LOC_STRINGS = YES;
				SWIFT_VERSION = 5.0;
				TARGETED_DEVICE_FAMILY = "1,2";
			};
			name = Release;
		};
/* End XCBuildConfiguration section */

/* Begin XCConfigurationList section */
		BE15AF2E296134C8007D4D23 /* Build configuration list for PBXProject "Pedestrian" */ = {
			isa = XCConfigurationList;
			buildConfigurations = (
				BE15AF45296134C9007D4D23 /* Debug */,
				BE15AF46296134C9007D4D23 /* Release */,
			);
			defaultConfigurationIsVisible = 0;
			defaultConfigurationName = Release;
		};
		BE15AF47296134C9007D4D23 /* Build configuration list for PBXNativeTarget "Pedestrian" */ = {
			isa = XCConfigurationList;
			buildConfigurations = (
				BE15AF48296134C9007D4D23 /* Debug */,
				BE15AF49296134C9007D4D23 /* Release */,
			);
			defaultConfigurationIsVisible = 0;
			defaultConfigurationName = Release;
		};
/* End XCConfigurationList section */

/* Begin XCVersionGroup section */
		BE39EF6A2971F6E600999697 /* Pedestrian.xcdatamodeld */ = {
			isa = XCVersionGroup;
			children = (
				BE39EF6B2971F6E600999697 /* Pedestrian.xcdatamodel */,
			);
			currentVersion = BE39EF6B2971F6E600999697 /* Pedestrian.xcdatamodel */;
			path = Pedestrian.xcdatamodeld;
			sourceTree = "<group>";
			versionGroupType = wrapper.xcdatamodel;
		};
/* End XCVersionGroup section */
	};
	rootObject = BE15AF2B296134C8007D4D23 /* Project object */;
}
