// !$*UTF8*$!
{
	archiveVersion = 1;
	classes = {
	};
	objectVersion = 56;
	objects = {

/* Begin PBXBuildFile section */
		3F7FB10143D599B96D3EBD98 /* Pods_Pedestrian.framework in Frameworks */ = {isa = PBXBuildFile; fileRef = 13AB8EB51DB96636F7334C80 /* Pods_Pedestrian.framework */; };
		BE15AF37296134C8007D4D23 /* AppDelegate.swift in Sources */ = {isa = PBXBuildFile; fileRef = BE15AF36296134C8007D4D23 /* AppDelegate.swift */; };
		BE15AF39296134C8007D4D23 /* SceneDelegate.swift in Sources */ = {isa = PBXBuildFile; fileRef = BE15AF38296134C8007D4D23 /* SceneDelegate.swift */; };
		BE15AF3B296134C8007D4D23 /* HomeScreen.swift in Sources */ = {isa = PBXBuildFile; fileRef = BE15AF3A296134C8007D4D23 /* HomeScreen.swift */; };
		BE15AF40296134C9007D4D23 /* Assets.xcassets in Resources */ = {isa = PBXBuildFile; fileRef = BE15AF3F296134C9007D4D23 /* Assets.xcassets */; };
		BE15AF43296134C9007D4D23 /* LaunchScreen.storyboard in Resources */ = {isa = PBXBuildFile; fileRef = BE15AF41296134C9007D4D23 /* LaunchScreen.storyboard */; };
		BE15AF4F2962168D007D4D23 /* PedometerManager.swift in Sources */ = {isa = PBXBuildFile; fileRef = BE15AF4E2962168D007D4D23 /* PedometerManager.swift */; };
		BE15AF5229622F38007D4D23 /* StepProgressView.swift in Sources */ = {isa = PBXBuildFile; fileRef = BE15AF5129622F38007D4D23 /* StepProgressView.swift */; };
		BE15AF5629623EB3007D4D23 /* InfoSection.swift in Sources */ = {isa = PBXBuildFile; fileRef = BE15AF5529623EB3007D4D23 /* InfoSection.swift */; };
		BE15AF5829624110007D4D23 /* InfoRow.swift in Sources */ = {isa = PBXBuildFile; fileRef = BE15AF5729624110007D4D23 /* InfoRow.swift */; };
		BE28523A297214A8004201EE /* PedestrianDay+CoreDataClass.swift in Sources */ = {isa = PBXBuildFile; fileRef = BE285238297214A8004201EE /* PedestrianDay+CoreDataClass.swift */; };
		BE28523B297214A8004201EE /* PedestrianDay+CoreDataProperties.swift in Sources */ = {isa = PBXBuildFile; fileRef = BE285239297214A8004201EE /* PedestrianDay+CoreDataProperties.swift */; };
		BE2D46052968D62300973B21 /* String+Ext.swift in Sources */ = {isa = PBXBuildFile; fileRef = BE2D46042968D62300973B21 /* String+Ext.swift */; };
		BE33E59529678EB400E1C77F /* UIViewControllerPreview.swift in Sources */ = {isa = PBXBuildFile; fileRef = BE33E59429678EB400E1C77F /* UIViewControllerPreview.swift */; };
		BE36080F2972071F00A6C0AD /* PedestrianDataStore.swift in Sources */ = {isa = PBXBuildFile; fileRef = BE36080E2972071F00A6C0AD /* PedestrianDataStore.swift */; };
		BE36081129720CCE00A6C0AD /* PersistenceManager.swift in Sources */ = {isa = PBXBuildFile; fileRef = BE36081029720CCE00A6C0AD /* PersistenceManager.swift */; };
		BE3707CB2966B2C400B67D8A /* OpenSystemSettingsScreen.swift in Sources */ = {isa = PBXBuildFile; fileRef = BE3707CA2966B2C400B67D8A /* OpenSystemSettingsScreen.swift */; };
		BE3707CD2966B74F00B67D8A /* LoadingStatusScreen.swift in Sources */ = {isa = PBXBuildFile; fileRef = BE3707CC2966B74F00B67D8A /* LoadingStatusScreen.swift */; };
		BE39EF6C2971F6E600999697 /* Pedestrian.xcdatamodeld in Sources */ = {isa = PBXBuildFile; fileRef = BE39EF6A2971F6E600999697 /* Pedestrian.xcdatamodeld */; };
		BE55766F296A06A100A0A927 /* ConfettiView.swift in Sources */ = {isa = PBXBuildFile; fileRef = BE55766E296A06A100A0A927 /* ConfettiView.swift */; };
		BE5A29DD2981C1D300E4D6C7 /* MetricsController.swift in Sources */ = {isa = PBXBuildFile; fileRef = BE5A29DC2981C1D300E4D6C7 /* MetricsController.swift */; };
		BE5A29E02981C7F300E4D6C7 /* MetricCell.swift in Sources */ = {isa = PBXBuildFile; fileRef = BE5A29DF2981C7F300E4D6C7 /* MetricCell.swift */; };
		BE5A29E22981DCE700E4D6C7 /* ReusableHeaderView.swift in Sources */ = {isa = PBXBuildFile; fileRef = BE5A29E12981DCE700E4D6C7 /* ReusableHeaderView.swift */; };
		BEB6AEEE297A789A00C87BDA /* SettingsOption.swift in Sources */ = {isa = PBXBuildFile; fileRef = BEB6AEED297A789A00C87BDA /* SettingsOption.swift */; };
		BEB6AEF1297A79B900C87BDA /* SettingsSection.swift in Sources */ = {isa = PBXBuildFile; fileRef = BEB6AEF0297A79B900C87BDA /* SettingsSection.swift */; };
		BEB6AEF3297A7A2700C87BDA /* SettingsGroup.swift in Sources */ = {isa = PBXBuildFile; fileRef = BEB6AEF2297A7A2700C87BDA /* SettingsGroup.swift */; };
		BEB6AEF6297A7A7C00C87BDA /* SettingsIcon.swift in Sources */ = {isa = PBXBuildFile; fileRef = BEB6AEF5297A7A7C00C87BDA /* SettingsIcon.swift */; };
		BEB6AEF8297B1A6C00C87BDA /* SettingsAction.swift in Sources */ = {isa = PBXBuildFile; fileRef = BEB6AEF7297B1A6C00C87BDA /* SettingsAction.swift */; };
		BEB6AEFB297B1AFA00C87BDA /* SettingsController.swift in Sources */ = {isa = PBXBuildFile; fileRef = BEB6AEFA297B1AFA00C87BDA /* SettingsController.swift */; };
		BEB6AEFE297B1C7200C87BDA /* GroupCell.swift in Sources */ = {isa = PBXBuildFile; fileRef = BEB6AEFD297B1C7200C87BDA /* GroupCell.swift */; };
		BEB6AF00297B1C8600C87BDA /* SettingsCell.swift in Sources */ = {isa = PBXBuildFile; fileRef = BEB6AEFF297B1C8600C87BDA /* SettingsCell.swift */; };
		BEB9958C297747C90062E28C /* SettingsManager.swift in Sources */ = {isa = PBXBuildFile; fileRef = BEB9958B297747C90062E28C /* SettingsManager.swift */; };
		BEC148C0297B227F00497498 /* UIFont+Ext.swift in Sources */ = {isa = PBXBuildFile; fileRef = BEC148BF297B227F00497498 /* UIFont+Ext.swift */; };
		BEC148C4297B2AFC00497498 /* ActionCell.swift in Sources */ = {isa = PBXBuildFile; fileRef = BEC148C3297B2AFC00497498 /* ActionCell.swift */; };
		BEC148C6297B325A00497498 /* URL+Ext.swift in Sources */ = {isa = PBXBuildFile; fileRef = BEC148C5297B325A00497498 /* URL+Ext.swift */; };
		BEC148C8297B6A3500497498 /* SettingsStepper.swift in Sources */ = {isa = PBXBuildFile; fileRef = BEC148C7297B6A3500497498 /* SettingsStepper.swift */; };
		BEC148CA297B6B3200497498 /* StepperCell.swift in Sources */ = {isa = PBXBuildFile; fileRef = BEC148C9297B6B3200497498 /* StepperCell.swift */; };
		BED435802980C47D00AA2C48 /* CSVMaker.swift in Sources */ = {isa = PBXBuildFile; fileRef = BED4357F2980C47D00AA2C48 /* CSVMaker.swift */; };
		BED6A803297342D6004142EC /* SettingsScreen.swift in Sources */ = {isa = PBXBuildFile; fileRef = BED6A802297342D6004142EC /* SettingsScreen.swift */; };
		BEED0E052962460B00C6656D /* UIViewPreview.swift in Sources */ = {isa = PBXBuildFile; fileRef = BEED0E042962460B00C6656D /* UIViewPreview.swift */; };
		BEED0E0B29627E4D00C6656D /* MetricsScreen.swift in Sources */ = {isa = PBXBuildFile; fileRef = BEED0E0A29627E4D00C6656D /* MetricsScreen.swift */; };
		BEED7E45296D32850077DA71 /* UIImage+Ext.swift in Sources */ = {isa = PBXBuildFile; fileRef = BEED7E44296D32850077DA71 /* UIImage+Ext.swift */; };
		BEFC168F297B86B7001708FD /* SettingsSelection.swift in Sources */ = {isa = PBXBuildFile; fileRef = BEFC168E297B86B7001708FD /* SettingsSelection.swift */; };
		BEFC1691297B8808001708FD /* SelectionCell.swift in Sources */ = {isa = PBXBuildFile; fileRef = BEFC1690297B8808001708FD /* SelectionCell.swift */; };
		BEFC1695297B8E55001708FD /* SelectionController.swift in Sources */ = {isa = PBXBuildFile; fileRef = BEFC1694297B8E55001708FD /* SelectionController.swift */; };
		BEFC1697297B8EB2001708FD /* SelectionCaseCell.swift in Sources */ = {isa = PBXBuildFile; fileRef = BEFC1696297B8EB2001708FD /* SelectionCaseCell.swift */; };
		BEFC1699297BCD39001708FD /* SettingsSwitch.swift in Sources */ = {isa = PBXBuildFile; fileRef = BEFC1698297BCD39001708FD /* SettingsSwitch.swift */; };
		BEFC169B297BCDE8001708FD /* SwitchCell.swift in Sources */ = {isa = PBXBuildFile; fileRef = BEFC169A297BCDE8001708FD /* SwitchCell.swift */; };
/* End PBXBuildFile section */

/* Begin PBXFileReference section */
		13AB8EB51DB96636F7334C80 /* Pods_Pedestrian.framework */ = {isa = PBXFileReference; explicitFileType = wrapper.framework; includeInIndex = 0; path = Pods_Pedestrian.framework; sourceTree = BUILT_PRODUCTS_DIR; };
		3DE967FCDA1F8A35AEEDD0FD /* Pods-Pedestrian.debug.xcconfig */ = {isa = PBXFileReference; includeInIndex = 1; lastKnownFileType = text.xcconfig; name = "Pods-Pedestrian.debug.xcconfig"; path = "Target Support Files/Pods-Pedestrian/Pods-Pedestrian.debug.xcconfig"; sourceTree = "<group>"; };
		9C9E5627531AB7894F7C1EBF /* Pods-Pedestrian.release.xcconfig */ = {isa = PBXFileReference; includeInIndex = 1; lastKnownFileType = text.xcconfig; name = "Pods-Pedestrian.release.xcconfig"; path = "Target Support Files/Pods-Pedestrian/Pods-Pedestrian.release.xcconfig"; sourceTree = "<group>"; };
		BE15AF33296134C8007D4D23 /* Pedestrian.app */ = {isa = PBXFileReference; explicitFileType = wrapper.application; includeInIndex = 0; path = Pedestrian.app; sourceTree = BUILT_PRODUCTS_DIR; };
		BE15AF36296134C8007D4D23 /* AppDelegate.swift */ = {isa = PBXFileReference; lastKnownFileType = sourcecode.swift; path = AppDelegate.swift; sourceTree = "<group>"; };
		BE15AF38296134C8007D4D23 /* SceneDelegate.swift */ = {isa = PBXFileReference; lastKnownFileType = sourcecode.swift; path = SceneDelegate.swift; sourceTree = "<group>"; };
		BE15AF3A296134C8007D4D23 /* HomeScreen.swift */ = {isa = PBXFileReference; lastKnownFileType = sourcecode.swift; path = HomeScreen.swift; sourceTree = "<group>"; };
		BE15AF3F296134C9007D4D23 /* Assets.xcassets */ = {isa = PBXFileReference; lastKnownFileType = folder.assetcatalog; path = Assets.xcassets; sourceTree = "<group>"; };
		BE15AF42296134C9007D4D23 /* Base */ = {isa = PBXFileReference; lastKnownFileType = file.storyboard; name = Base; path = Base.lproj/LaunchScreen.storyboard; sourceTree = "<group>"; };
		BE15AF44296134C9007D4D23 /* Info.plist */ = {isa = PBXFileReference; lastKnownFileType = text.plist.xml; path = Info.plist; sourceTree = "<group>"; };
		BE15AF4E2962168D007D4D23 /* PedometerManager.swift */ = {isa = PBXFileReference; lastKnownFileType = sourcecode.swift; path = PedometerManager.swift; sourceTree = "<group>"; };
		BE15AF5129622F38007D4D23 /* StepProgressView.swift */ = {isa = PBXFileReference; lastKnownFileType = sourcecode.swift; path = StepProgressView.swift; sourceTree = "<group>"; };
		BE15AF5529623EB3007D4D23 /* InfoSection.swift */ = {isa = PBXFileReference; lastKnownFileType = sourcecode.swift; path = InfoSection.swift; sourceTree = "<group>"; };
		BE15AF5729624110007D4D23 /* InfoRow.swift */ = {isa = PBXFileReference; lastKnownFileType = sourcecode.swift; path = InfoRow.swift; sourceTree = "<group>"; };
		BE285238297214A8004201EE /* PedestrianDay+CoreDataClass.swift */ = {isa = PBXFileReference; lastKnownFileType = sourcecode.swift; name = "PedestrianDay+CoreDataClass.swift"; path = "Pedestrian/Coredata/PedestrianDay+CoreDataClass.swift"; sourceTree = "<group>"; };
		BE285239297214A8004201EE /* PedestrianDay+CoreDataProperties.swift */ = {isa = PBXFileReference; lastKnownFileType = sourcecode.swift; name = "PedestrianDay+CoreDataProperties.swift"; path = "Pedestrian/Coredata/PedestrianDay+CoreDataProperties.swift"; sourceTree = "<group>"; };
		BE2D46042968D62300973B21 /* String+Ext.swift */ = {isa = PBXFileReference; lastKnownFileType = sourcecode.swift; path = "String+Ext.swift"; sourceTree = "<group>"; };
		BE33E59429678EB400E1C77F /* UIViewControllerPreview.swift */ = {isa = PBXFileReference; lastKnownFileType = sourcecode.swift; path = UIViewControllerPreview.swift; sourceTree = "<group>"; };
		BE36080E2972071F00A6C0AD /* PedestrianDataStore.swift */ = {isa = PBXFileReference; lastKnownFileType = sourcecode.swift; path = PedestrianDataStore.swift; sourceTree = "<group>"; };
		BE36081029720CCE00A6C0AD /* PersistenceManager.swift */ = {isa = PBXFileReference; lastKnownFileType = sourcecode.swift; path = PersistenceManager.swift; sourceTree = "<group>"; };
		BE3707CA2966B2C400B67D8A /* OpenSystemSettingsScreen.swift */ = {isa = PBXFileReference; lastKnownFileType = sourcecode.swift; path = OpenSystemSettingsScreen.swift; sourceTree = "<group>"; };
		BE3707CC2966B74F00B67D8A /* LoadingStatusScreen.swift */ = {isa = PBXFileReference; lastKnownFileType = sourcecode.swift; path = LoadingStatusScreen.swift; sourceTree = "<group>"; };
		BE39EF6B2971F6E600999697 /* Pedestrian.xcdatamodel */ = {isa = PBXFileReference; lastKnownFileType = wrapper.xcdatamodel; path = Pedestrian.xcdatamodel; sourceTree = "<group>"; };
		BE55766E296A06A100A0A927 /* ConfettiView.swift */ = {isa = PBXFileReference; lastKnownFileType = sourcecode.swift; path = ConfettiView.swift; sourceTree = "<group>"; };
		BE5A29DC2981C1D300E4D6C7 /* MetricsController.swift */ = {isa = PBXFileReference; lastKnownFileType = sourcecode.swift; path = MetricsController.swift; sourceTree = "<group>"; };
		BE5A29DF2981C7F300E4D6C7 /* MetricCell.swift */ = {isa = PBXFileReference; lastKnownFileType = sourcecode.swift; path = MetricCell.swift; sourceTree = "<group>"; };
		BE5A29E12981DCE700E4D6C7 /* ReusableHeaderView.swift */ = {isa = PBXFileReference; lastKnownFileType = sourcecode.swift; path = ReusableHeaderView.swift; sourceTree = "<group>"; };
		BEB6AEED297A789A00C87BDA /* SettingsOption.swift */ = {isa = PBXFileReference; lastKnownFileType = sourcecode.swift; path = SettingsOption.swift; sourceTree = "<group>"; };
		BEB6AEF0297A79B900C87BDA /* SettingsSection.swift */ = {isa = PBXFileReference; lastKnownFileType = sourcecode.swift; path = SettingsSection.swift; sourceTree = "<group>"; };
		BEB6AEF2297A7A2700C87BDA /* SettingsGroup.swift */ = {isa = PBXFileReference; lastKnownFileType = sourcecode.swift; path = SettingsGroup.swift; sourceTree = "<group>"; };
		BEB6AEF5297A7A7C00C87BDA /* SettingsIcon.swift */ = {isa = PBXFileReference; lastKnownFileType = sourcecode.swift; path = SettingsIcon.swift; sourceTree = "<group>"; };
		BEB6AEF7297B1A6C00C87BDA /* SettingsAction.swift */ = {isa = PBXFileReference; lastKnownFileType = sourcecode.swift; path = SettingsAction.swift; sourceTree = "<group>"; };
		BEB6AEFA297B1AFA00C87BDA /* SettingsController.swift */ = {isa = PBXFileReference; lastKnownFileType = sourcecode.swift; path = SettingsController.swift; sourceTree = "<group>"; };
		BEB6AEFD297B1C7200C87BDA /* GroupCell.swift */ = {isa = PBXFileReference; lastKnownFileType = sourcecode.swift; path = GroupCell.swift; sourceTree = "<group>"; };
		BEB6AEFF297B1C8600C87BDA /* SettingsCell.swift */ = {isa = PBXFileReference; lastKnownFileType = sourcecode.swift; path = SettingsCell.swift; sourceTree = "<group>"; };
		BEB9958B297747C90062E28C /* SettingsManager.swift */ = {isa = PBXFileReference; lastKnownFileType = sourcecode.swift; path = SettingsManager.swift; sourceTree = "<group>"; };
		BEC148BF297B227F00497498 /* UIFont+Ext.swift */ = {isa = PBXFileReference; lastKnownFileType = sourcecode.swift; path = "UIFont+Ext.swift"; sourceTree = "<group>"; };
		BEC148C3297B2AFC00497498 /* ActionCell.swift */ = {isa = PBXFileReference; lastKnownFileType = sourcecode.swift; path = ActionCell.swift; sourceTree = "<group>"; };
		BEC148C5297B325A00497498 /* URL+Ext.swift */ = {isa = PBXFileReference; lastKnownFileType = sourcecode.swift; path = "URL+Ext.swift"; sourceTree = "<group>"; };
		BEC148C7297B6A3500497498 /* SettingsStepper.swift */ = {isa = PBXFileReference; lastKnownFileType = sourcecode.swift; path = SettingsStepper.swift; sourceTree = "<group>"; };
		BEC148C9297B6B3200497498 /* StepperCell.swift */ = {isa = PBXFileReference; lastKnownFileType = sourcecode.swift; path = StepperCell.swift; sourceTree = "<group>"; };
		BED4357F2980C47D00AA2C48 /* CSVMaker.swift */ = {isa = PBXFileReference; lastKnownFileType = sourcecode.swift; path = CSVMaker.swift; sourceTree = "<group>"; };
		BED6A802297342D6004142EC /* SettingsScreen.swift */ = {isa = PBXFileReference; lastKnownFileType = sourcecode.swift; path = SettingsScreen.swift; sourceTree = "<group>"; };
		BEED0E042962460B00C6656D /* UIViewPreview.swift */ = {isa = PBXFileReference; lastKnownFileType = sourcecode.swift; path = UIViewPreview.swift; sourceTree = "<group>"; };
		BEED0E0A29627E4D00C6656D /* MetricsScreen.swift */ = {isa = PBXFileReference; lastKnownFileType = sourcecode.swift; path = MetricsScreen.swift; sourceTree = "<group>"; };
		BEED7E44296D32850077DA71 /* UIImage+Ext.swift */ = {isa = PBXFileReference; lastKnownFileType = sourcecode.swift; path = "UIImage+Ext.swift"; sourceTree = "<group>"; };
		BEFC168E297B86B7001708FD /* SettingsSelection.swift */ = {isa = PBXFileReference; lastKnownFileType = sourcecode.swift; path = SettingsSelection.swift; sourceTree = "<group>"; };
		BEFC1690297B8808001708FD /* SelectionCell.swift */ = {isa = PBXFileReference; lastKnownFileType = sourcecode.swift; path = SelectionCell.swift; sourceTree = "<group>"; };
		BEFC1694297B8E55001708FD /* SelectionController.swift */ = {isa = PBXFileReference; lastKnownFileType = sourcecode.swift; path = SelectionController.swift; sourceTree = "<group>"; };
		BEFC1696297B8EB2001708FD /* SelectionCaseCell.swift */ = {isa = PBXFileReference; lastKnownFileType = sourcecode.swift; path = SelectionCaseCell.swift; sourceTree = "<group>"; };
		BEFC1698297BCD39001708FD /* SettingsSwitch.swift */ = {isa = PBXFileReference; lastKnownFileType = sourcecode.swift; path = SettingsSwitch.swift; sourceTree = "<group>"; };
		BEFC169A297BCDE8001708FD /* SwitchCell.swift */ = {isa = PBXFileReference; lastKnownFileType = sourcecode.swift; path = SwitchCell.swift; sourceTree = "<group>"; };
/* End PBXFileReference section */

/* Begin PBXFrameworksBuildPhase section */
		BE15AF30296134C8007D4D23 /* Frameworks */ = {
			isa = PBXFrameworksBuildPhase;
			buildActionMask = 2147483647;
			files = (
				3F7FB10143D599B96D3EBD98 /* Pods_Pedestrian.framework in Frameworks */,
			);
			runOnlyForDeploymentPostprocessing = 0;
		};
/* End PBXFrameworksBuildPhase section */

/* Begin PBXGroup section */
		AAF44DDBDC5027C9CD8766D3 /* Frameworks */ = {
			isa = PBXGroup;
			children = (
				13AB8EB51DB96636F7334C80 /* Pods_Pedestrian.framework */,
			);
			name = Frameworks;
			sourceTree = "<group>";
		};
		BE15AF2A296134C8007D4D23 = {
			isa = PBXGroup;
			children = (
				BE285238297214A8004201EE /* PedestrianDay+CoreDataClass.swift */,
				BE285239297214A8004201EE /* PedestrianDay+CoreDataProperties.swift */,
				BE15AF35296134C8007D4D23 /* Pedestrian */,
				BE15AF34296134C8007D4D23 /* Products */,
				DAEAD486A0AE2B716F35EF09 /* Pods */,
				AAF44DDBDC5027C9CD8766D3 /* Frameworks */,
			);
			sourceTree = "<group>";
		};
		BE15AF34296134C8007D4D23 /* Products */ = {
			isa = PBXGroup;
			children = (
				BE15AF33296134C8007D4D23 /* Pedestrian.app */,
			);
			name = Products;
			sourceTree = "<group>";
		};
		BE15AF35296134C8007D4D23 /* Pedestrian */ = {
			isa = PBXGroup;
			children = (
				BE15AF4A296134D7007D4D23 /* App */,
				BEB6AEF9297B1AE400C87BDA /* Controllers */,
				BE39EF662971F66400999697 /* Coredata */,
				BE3CEEF22973AB3A005B78ED /* Data */,
				BE2D46032968D61900973B21 /* Extensions */,
				BEED0E03296245FF00C6656D /* Helpers */,
				BE15AF4D29621684007D4D23 /* Managers */,
				BE15AF4C29621628007D4D23 /* Screens */,
				BE15AF4B296134DF007D4D23 /* Support */,
				BED4357E2980C46B00AA2C48 /* Utils */,
				BE15AF5029622EC0007D4D23 /* Views */,
			);
			path = Pedestrian;
			sourceTree = "<group>";
		};
		BE15AF4A296134D7007D4D23 /* App */ = {
			isa = PBXGroup;
			children = (
				BE15AF36296134C8007D4D23 /* AppDelegate.swift */,
				BE15AF38296134C8007D4D23 /* SceneDelegate.swift */,
			);
			path = App;
			sourceTree = "<group>";
		};
		BE15AF4B296134DF007D4D23 /* Support */ = {
			isa = PBXGroup;
			children = (
				BE15AF3F296134C9007D4D23 /* Assets.xcassets */,
				BE15AF41296134C9007D4D23 /* LaunchScreen.storyboard */,
				BE15AF44296134C9007D4D23 /* Info.plist */,
			);
			name = Support;
			sourceTree = "<group>";
		};
		BE15AF4C29621628007D4D23 /* Screens */ = {
			isa = PBXGroup;
			children = (
				BE15AF3A296134C8007D4D23 /* HomeScreen.swift */,
				BEED0E0A29627E4D00C6656D /* MetricsScreen.swift */,
				BE3707CA2966B2C400B67D8A /* OpenSystemSettingsScreen.swift */,
				BE3707CC2966B74F00B67D8A /* LoadingStatusScreen.swift */,
				BED6A802297342D6004142EC /* SettingsScreen.swift */,
			);
			path = Screens;
			sourceTree = "<group>";
		};
		BE15AF4D29621684007D4D23 /* Managers */ = {
			isa = PBXGroup;
			children = (
				BE36081029720CCE00A6C0AD /* PersistenceManager.swift */,
				BE15AF4E2962168D007D4D23 /* PedometerManager.swift */,
				BEB9958B297747C90062E28C /* SettingsManager.swift */,
			);
			path = Managers;
			sourceTree = "<group>";
		};
		BE15AF5029622EC0007D4D23 /* Views */ = {
			isa = PBXGroup;
			children = (
				BE5A29DE2981C7E100E4D6C7 /* CollectionView */,
				BEB6AEFC297B1C5F00C87BDA /* TableView */,
				BE33E58E29678A2E00E1C77F /* CustomViews */,
			);
			path = Views;
			sourceTree = "<group>";
		};
		BE2D46032968D61900973B21 /* Extensions */ = {
			isa = PBXGroup;
			children = (
				BE2D46042968D62300973B21 /* String+Ext.swift */,
				BEED7E44296D32850077DA71 /* UIImage+Ext.swift */,
				BEC148BF297B227F00497498 /* UIFont+Ext.swift */,
				BEC148C5297B325A00497498 /* URL+Ext.swift */,
			);
			path = Extensions;
			sourceTree = "<group>";
		};
		BE33E58E29678A2E00E1C77F /* CustomViews */ = {
			isa = PBXGroup;
			children = (
				BE15AF5129622F38007D4D23 /* StepProgressView.swift */,
				BE15AF5529623EB3007D4D23 /* InfoSection.swift */,
				BE15AF5729624110007D4D23 /* InfoRow.swift */,
				BE55766E296A06A100A0A927 /* ConfettiView.swift */,
				BEB6AEF5297A7A7C00C87BDA /* SettingsIcon.swift */,
			);
			path = CustomViews;
			sourceTree = "<group>";
		};
		BE39EF662971F66400999697 /* Coredata */ = {
			isa = PBXGroup;
			children = (
				BE39EF6A2971F6E600999697 /* Pedestrian.xcdatamodeld */,
				BE36080E2972071F00A6C0AD /* PedestrianDataStore.swift */,
			);
			path = Coredata;
			sourceTree = "<group>";
		};
		BE3CEEF22973AB3A005B78ED /* Data */ = {
			isa = PBXGroup;
			children = (
				BEB6AEEF297A79B000C87BDA /* Settings */,
				BEB6AEEC297A787800C87BDA /* Protocols */,
			);
			path = Data;
			sourceTree = "<group>";
		};
		BE5A29DE2981C7E100E4D6C7 /* CollectionView */ = {
			isa = PBXGroup;
			children = (
				BE5A29DF2981C7F300E4D6C7 /* MetricCell.swift */,
				BE5A29E12981DCE700E4D6C7 /* ReusableHeaderView.swift */,
			);
			path = CollectionView;
			sourceTree = "<group>";
		};
		BEB6AEEC297A787800C87BDA /* Protocols */ = {
			isa = PBXGroup;
			children = (
				BEB6AEED297A789A00C87BDA /* SettingsOption.swift */,
				BEB6AEFF297B1C8600C87BDA /* SettingsCell.swift */,
			);
			path = Protocols;
			sourceTree = "<group>";
		};
		BEB6AEEF297A79B000C87BDA /* Settings */ = {
			isa = PBXGroup;
			children = (
				BEB6AEF2297A7A2700C87BDA /* SettingsGroup.swift */,
				BEB6AEF0297A79B900C87BDA /* SettingsSection.swift */,
				BEB6AEF7297B1A6C00C87BDA /* SettingsAction.swift */,
				BEC148C7297B6A3500497498 /* SettingsStepper.swift */,
				BEFC168E297B86B7001708FD /* SettingsSelection.swift */,
				BEFC1698297BCD39001708FD /* SettingsSwitch.swift */,
			);
			path = Settings;
			sourceTree = "<group>";
		};
		BEB6AEF9297B1AE400C87BDA /* Controllers */ = {
			isa = PBXGroup;
			children = (
				BEB6AEFA297B1AFA00C87BDA /* SettingsController.swift */,
				BEFC1694297B8E55001708FD /* SelectionController.swift */,
				BE5A29DC2981C1D300E4D6C7 /* MetricsController.swift */,
			);
			path = Controllers;
			sourceTree = "<group>";
		};
		BEB6AEFC297B1C5F00C87BDA /* TableView */ = {
			isa = PBXGroup;
			children = (
				BEB6AEFD297B1C7200C87BDA /* GroupCell.swift */,
				BEC148C3297B2AFC00497498 /* ActionCell.swift */,
				BEC148C9297B6B3200497498 /* StepperCell.swift */,
				BEFC1690297B8808001708FD /* SelectionCell.swift */,
				BEFC1696297B8EB2001708FD /* SelectionCaseCell.swift */,
				BEFC169A297BCDE8001708FD /* SwitchCell.swift */,
			);
			path = TableView;
			sourceTree = "<group>";
		};
		BED4357E2980C46B00AA2C48 /* Utils */ = {
			isa = PBXGroup;
			children = (
				BED4357F2980C47D00AA2C48 /* CSVMaker.swift */,
			);
			path = Utils;
			sourceTree = "<group>";
		};
		BEED0E03296245FF00C6656D /* Helpers */ = {
			isa = PBXGroup;
			children = (
				BEED0E042962460B00C6656D /* UIViewPreview.swift */,
				BE33E59429678EB400E1C77F /* UIViewControllerPreview.swift */,
			);
			path = Helpers;
			sourceTree = "<group>";
		};
		DAEAD486A0AE2B716F35EF09 /* Pods */ = {
			isa = PBXGroup;
			children = (
				3DE967FCDA1F8A35AEEDD0FD /* Pods-Pedestrian.debug.xcconfig */,
				9C9E5627531AB7894F7C1EBF /* Pods-Pedestrian.release.xcconfig */,
			);
			path = Pods;
			sourceTree = "<group>";
		};
/* End PBXGroup section */

/* Begin PBXNativeTarget section */
		BE15AF32296134C8007D4D23 /* Pedestrian */ = {
			isa = PBXNativeTarget;
			buildConfigurationList = BE15AF47296134C9007D4D23 /* Build configuration list for PBXNativeTarget "Pedestrian" */;
			buildPhases = (
				C225FEEB129611982C7E58CD /* [CP] Check Pods Manifest.lock */,
				BE15AF2F296134C8007D4D23 /* Sources */,
				BE15AF30296134C8007D4D23 /* Frameworks */,
				BE15AF31296134C8007D4D23 /* Resources */,
				AA97A2139D8199B978E03B46 /* [CP] Embed Pods Frameworks */,
			);
			buildRules = (
			);
			dependencies = (
			);
			name = Pedestrian;
			productName = Pedestrian;
			productReference = BE15AF33296134C8007D4D23 /* Pedestrian.app */;
			productType = "com.apple.product-type.application";
		};
/* End PBXNativeTarget section */

/* Begin PBXProject section */
		BE15AF2B296134C8007D4D23 /* Project object */ = {
			isa = PBXProject;
			attributes = {
				BuildIndependentTargetsInParallel = 1;
				LastSwiftUpdateCheck = 1400;
				LastUpgradeCheck = 1400;
				TargetAttributes = {
					BE15AF32296134C8007D4D23 = {
						CreatedOnToolsVersion = 14.0;
					};
				};
			};
			buildConfigurationList = BE15AF2E296134C8007D4D23 /* Build configuration list for PBXProject "Pedestrian" */;
			compatibilityVersion = "Xcode 14.0";
			developmentRegion = en;
			hasScannedForEncodings = 0;
			knownRegions = (
				en,
				Base,
			);
			mainGroup = BE15AF2A296134C8007D4D23;
			productRefGroup = BE15AF34296134C8007D4D23 /* Products */;
			projectDirPath = "";
			projectRoot = "";
			targets = (
				BE15AF32296134C8007D4D23 /* Pedestrian */,
			);
		};
/* End PBXProject section */

/* Begin PBXResourcesBuildPhase section */
		BE15AF31296134C8007D4D23 /* Resources */ = {
			isa = PBXResourcesBuildPhase;
			buildActionMask = 2147483647;
			files = (
				BE15AF43296134C9007D4D23 /* LaunchScreen.storyboard in Resources */,
				BE15AF40296134C9007D4D23 /* Assets.xcassets in Resources */,
			);
			runOnlyForDeploymentPostprocessing = 0;
		};
/* End PBXResourcesBuildPhase section */

/* Begin PBXShellScriptBuildPhase section */
		AA97A2139D8199B978E03B46 /* [CP] Embed Pods Frameworks */ = {
			isa = PBXShellScriptBuildPhase;
			buildActionMask = 2147483647;
			files = (
			);
			inputFileListPaths = (
				"${PODS_ROOT}/Target Support Files/Pods-Pedestrian/Pods-Pedestrian-frameworks-${CONFIGURATION}-input-files.xcfilelist",
			);
			name = "[CP] Embed Pods Frameworks";
			outputFileListPaths = (
				"${PODS_ROOT}/Target Support Files/Pods-Pedestrian/Pods-Pedestrian-frameworks-${CONFIGURATION}-output-files.xcfilelist",
			);
			runOnlyForDeploymentPostprocessing = 0;
			shellPath = /bin/sh;
			shellScript = "\"${PODS_ROOT}/Target Support Files/Pods-Pedestrian/Pods-Pedestrian-frameworks.sh\"\n";
			showEnvVarsInLog = 0;
		};
		C225FEEB129611982C7E58CD /* [CP] Check Pods Manifest.lock */ = {
			isa = PBXShellScriptBuildPhase;
			buildActionMask = 2147483647;
			files = (
			);
			inputFileListPaths = (
			);
			inputPaths = (
				"${PODS_PODFILE_DIR_PATH}/Podfile.lock",
				"${PODS_ROOT}/Manifest.lock",
			);
			name = "[CP] Check Pods Manifest.lock";
			outputFileListPaths = (
			);
			outputPaths = (
				"$(DERIVED_FILE_DIR)/Pods-Pedestrian-checkManifestLockResult.txt",
			);
			runOnlyForDeploymentPostprocessing = 0;
			shellPath = /bin/sh;
			shellScript = "diff \"${PODS_PODFILE_DIR_PATH}/Podfile.lock\" \"${PODS_ROOT}/Manifest.lock\" > /dev/null\nif [ $? != 0 ] ; then\n    # print error to STDERR\n    echo \"error: The sandbox is not in sync with the Podfile.lock. Run 'pod install' or update your CocoaPods installation.\" >&2\n    exit 1\nfi\n# This output is used by Xcode 'outputs' to avoid re-running this script phase.\necho \"SUCCESS\" > \"${SCRIPT_OUTPUT_FILE_0}\"\n";
			showEnvVarsInLog = 0;
		};
/* End PBXShellScriptBuildPhase section */

/* Begin PBXSourcesBuildPhase section */
		BE15AF2F296134C8007D4D23 /* Sources */ = {
			isa = PBXSourcesBuildPhase;
			buildActionMask = 2147483647;
			files = (
				BEB6AEF3297A7A2700C87BDA /* SettingsGroup.swift in Sources */,
				BE15AF3B296134C8007D4D23 /* HomeScreen.swift in Sources */,
				BEFC1691297B8808001708FD /* SelectionCell.swift in Sources */,
				BEC148C6297B325A00497498 /* URL+Ext.swift in Sources */,
				BEFC1695297B8E55001708FD /* SelectionController.swift in Sources */,
				BEB6AEFE297B1C7200C87BDA /* GroupCell.swift in Sources */,
				BEB6AEF6297A7A7C00C87BDA /* SettingsIcon.swift in Sources */,
				BE28523B297214A8004201EE /* PedestrianDay+CoreDataProperties.swift in Sources */,
				BEC148CA297B6B3200497498 /* StepperCell.swift in Sources */,
				BEED0E052962460B00C6656D /* UIViewPreview.swift in Sources */,
				BEFC1697297B8EB2001708FD /* SelectionCaseCell.swift in Sources */,
				BE39EF6C2971F6E600999697 /* Pedestrian.xcdatamodeld in Sources */,
				BEFC169B297BCDE8001708FD /* SwitchCell.swift in Sources */,
				BE15AF37296134C8007D4D23 /* AppDelegate.swift in Sources */,
				BEED0E0B29627E4D00C6656D /* MetricsScreen.swift in Sources */,
				BEB6AEEE297A789A00C87BDA /* SettingsOption.swift in Sources */,
				BEFC1699297BCD39001708FD /* SettingsSwitch.swift in Sources */,
				BE33E59529678EB400E1C77F /* UIViewControllerPreview.swift in Sources */,
				BEB6AF00297B1C8600C87BDA /* SettingsCell.swift in Sources */,
				BEC148C4297B2AFC00497498 /* ActionCell.swift in Sources */,
				BED435802980C47D00AA2C48 /* CSVMaker.swift in Sources */,
				BE15AF39296134C8007D4D23 /* SceneDelegate.swift in Sources */,
				BE36081129720CCE00A6C0AD /* PersistenceManager.swift in Sources */,
				BEB6AEF1297A79B900C87BDA /* SettingsSection.swift in Sources */,
				BE15AF5629623EB3007D4D23 /* InfoSection.swift in Sources */,
				BEFC168F297B86B7001708FD /* SettingsSelection.swift in Sources */,
				BE5A29E22981DCE700E4D6C7 /* ReusableHeaderView.swift in Sources */,
				BE55766F296A06A100A0A927 /* ConfettiView.swift in Sources */,
				BE3707CB2966B2C400B67D8A /* OpenSystemSettingsScreen.swift in Sources */,
				BE15AF5829624110007D4D23 /* InfoRow.swift in Sources */,
				BE15AF5229622F38007D4D23 /* StepProgressView.swift in Sources */,
				BEB9958C297747C90062E28C /* SettingsManager.swift in Sources */,
				BEC148C0297B227F00497498 /* UIFont+Ext.swift in Sources */,
				BE5A29E02981C7F300E4D6C7 /* MetricCell.swift in Sources */,
				BE36080F2972071F00A6C0AD /* PedestrianDataStore.swift in Sources */,
				BE2D46052968D62300973B21 /* String+Ext.swift in Sources */,
				BEC148C8297B6A3500497498 /* SettingsStepper.swift in Sources */,
				BE5A29DD2981C1D300E4D6C7 /* MetricsController.swift in Sources */,
				BE28523A297214A8004201EE /* PedestrianDay+CoreDataClass.swift in Sources */,
				BE15AF4F2962168D007D4D23 /* PedometerManager.swift in Sources */,
				BED6A803297342D6004142EC /* SettingsScreen.swift in Sources */,
				BEB6AEFB297B1AFA00C87BDA /* SettingsController.swift in Sources */,
				BEED7E45296D32850077DA71 /* UIImage+Ext.swift in Sources */,
				BEB6AEF8297B1A6C00C87BDA /* SettingsAction.swift in Sources */,
				BE3707CD2966B74F00B67D8A /* LoadingStatusScreen.swift in Sources */,
			);
			runOnlyForDeploymentPostprocessing = 0;
		};
/* End PBXSourcesBuildPhase section */

/* Begin PBXVariantGroup section */
		BE15AF41296134C9007D4D23 /* LaunchScreen.storyboard */ = {
			isa = PBXVariantGroup;
			children = (
				BE15AF42296134C9007D4D23 /* Base */,
			);
			name = LaunchScreen.storyboard;
			sourceTree = "<group>";
		};
/* End PBXVariantGroup section */

/* Begin XCBuildConfiguration section */
		BE15AF45296134C9007D4D23 /* Debug */ = {
			isa = XCBuildConfiguration;
			buildSettings = {
				ALWAYS_SEARCH_USER_PATHS = NO;
				CLANG_ANALYZER_NONNULL = YES;
				CLANG_ANALYZER_NUMBER_OBJECT_CONVERSION = YES_AGGRESSIVE;
				CLANG_CXX_LANGUAGE_STANDARD = "gnu++20";
				CLANG_ENABLE_MODULES = YES;
				CLANG_ENABLE_OBJC_ARC = YES;
				CLANG_ENABLE_OBJC_WEAK = YES;
				CLANG_WARN_BLOCK_CAPTURE_AUTORELEASING = YES;
				CLANG_WARN_BOOL_CONVERSION = YES;
				CLANG_WARN_COMMA = YES;
				CLANG_WARN_CONSTANT_CONVERSION = YES;
				CLANG_WARN_DEPRECATED_OBJC_IMPLEMENTATIONS = YES;
				CLANG_WARN_DIRECT_OBJC_ISA_USAGE = YES_ERROR;
				CLANG_WARN_DOCUMENTATION_COMMENTS = YES;
				CLANG_WARN_EMPTY_BODY = YES;
				CLANG_WARN_ENUM_CONVERSION = YES;
				CLANG_WARN_INFINITE_RECURSION = YES;
				CLANG_WARN_INT_CONVERSION = YES;
				CLANG_WARN_NON_LITERAL_NULL_CONVERSION = YES;
				CLANG_WARN_OBJC_IMPLICIT_RETAIN_SELF = YES;
				CLANG_WARN_OBJC_LITERAL_CONVERSION = YES;
				CLANG_WARN_OBJC_ROOT_CLASS = YES_ERROR;
				CLANG_WARN_QUOTED_INCLUDE_IN_FRAMEWORK_HEADER = YES;
				CLANG_WARN_RANGE_LOOP_ANALYSIS = YES;
				CLANG_WARN_STRICT_PROTOTYPES = YES;
				CLANG_WARN_SUSPICIOUS_MOVE = YES;
				CLANG_WARN_UNGUARDED_AVAILABILITY = YES_AGGRESSIVE;
				CLANG_WARN_UNREACHABLE_CODE = YES;
				CLANG_WARN__DUPLICATE_METHOD_MATCH = YES;
				COPY_PHASE_STRIP = NO;
				DEBUG_INFORMATION_FORMAT = dwarf;
				ENABLE_STRICT_OBJC_MSGSEND = YES;
				ENABLE_TESTABILITY = YES;
				GCC_C_LANGUAGE_STANDARD = gnu11;
				GCC_DYNAMIC_NO_PIC = NO;
				GCC_NO_COMMON_BLOCKS = YES;
				GCC_OPTIMIZATION_LEVEL = 0;
				GCC_PREPROCESSOR_DEFINITIONS = (
					"DEBUG=1",
					"$(inherited)",
				);
				GCC_WARN_64_TO_32_BIT_CONVERSION = YES;
				GCC_WARN_ABOUT_RETURN_TYPE = YES_ERROR;
				GCC_WARN_UNDECLARED_SELECTOR = YES;
				GCC_WARN_UNINITIALIZED_AUTOS = YES_AGGRESSIVE;
				GCC_WARN_UNUSED_FUNCTION = YES;
				GCC_WARN_UNUSED_VARIABLE = YES;
				IPHONEOS_DEPLOYMENT_TARGET = 16.0;
				MTL_ENABLE_DEBUG_INFO = INCLUDE_SOURCE;
				MTL_FAST_MATH = YES;
				ONLY_ACTIVE_ARCH = YES;
				SDKROOT = iphoneos;
				SWIFT_ACTIVE_COMPILATION_CONDITIONS = DEBUG;
				SWIFT_OPTIMIZATION_LEVEL = "-Onone";
			};
			name = Debug;
		};
		BE15AF46296134C9007D4D23 /* Release */ = {
			isa = XCBuildConfiguration;
			buildSettings = {
				ALWAYS_SEARCH_USER_PATHS = NO;
				CLANG_ANALYZER_NONNULL = YES;
				CLANG_ANALYZER_NUMBER_OBJECT_CONVERSION = YES_AGGRESSIVE;
				CLANG_CXX_LANGUAGE_STANDARD = "gnu++20";
				CLANG_ENABLE_MODULES = YES;
				CLANG_ENABLE_OBJC_ARC = YES;
				CLANG_ENABLE_OBJC_WEAK = YES;
				CLANG_WARN_BLOCK_CAPTURE_AUTORELEASING = YES;
				CLANG_WARN_BOOL_CONVERSION = YES;
				CLANG_WARN_COMMA = YES;
				CLANG_WARN_CONSTANT_CONVERSION = YES;
				CLANG_WARN_DEPRECATED_OBJC_IMPLEMENTATIONS = YES;
				CLANG_WARN_DIRECT_OBJC_ISA_USAGE = YES_ERROR;
				CLANG_WARN_DOCUMENTATION_COMMENTS = YES;
				CLANG_WARN_EMPTY_BODY = YES;
				CLANG_WARN_ENUM_CONVERSION = YES;
				CLANG_WARN_INFINITE_RECURSION = YES;
				CLANG_WARN_INT_CONVERSION = YES;
				CLANG_WARN_NON_LITERAL_NULL_CONVERSION = YES;
				CLANG_WARN_OBJC_IMPLICIT_RETAIN_SELF = YES;
				CLANG_WARN_OBJC_LITERAL_CONVERSION = YES;
				CLANG_WARN_OBJC_ROOT_CLASS = YES_ERROR;
				CLANG_WARN_QUOTED_INCLUDE_IN_FRAMEWORK_HEADER = YES;
				CLANG_WARN_RANGE_LOOP_ANALYSIS = YES;
				CLANG_WARN_STRICT_PROTOTYPES = YES;
				CLANG_WARN_SUSPICIOUS_MOVE = YES;
				CLANG_WARN_UNGUARDED_AVAILABILITY = YES_AGGRESSIVE;
				CLANG_WARN_UNREACHABLE_CODE = YES;
				CLANG_WARN__DUPLICATE_METHOD_MATCH = YES;
				COPY_PHASE_STRIP = NO;
				DEBUG_INFORMATION_FORMAT = "dwarf-with-dsym";
				ENABLE_NS_ASSERTIONS = NO;
				ENABLE_STRICT_OBJC_MSGSEND = YES;
				GCC_C_LANGUAGE_STANDARD = gnu11;
				GCC_NO_COMMON_BLOCKS = YES;
				GCC_WARN_64_TO_32_BIT_CONVERSION = YES;
				GCC_WARN_ABOUT_RETURN_TYPE = YES_ERROR;
				GCC_WARN_UNDECLARED_SELECTOR = YES;
				GCC_WARN_UNINITIALIZED_AUTOS = YES_AGGRESSIVE;
				GCC_WARN_UNUSED_FUNCTION = YES;
				GCC_WARN_UNUSED_VARIABLE = YES;
				IPHONEOS_DEPLOYMENT_TARGET = 16.0;
				MTL_ENABLE_DEBUG_INFO = NO;
				MTL_FAST_MATH = YES;
				SDKROOT = iphoneos;
				SWIFT_COMPILATION_MODE = wholemodule;
				SWIFT_OPTIMIZATION_LEVEL = "-O";
				VALIDATE_PRODUCT = YES;
			};
			name = Release;
		};
		BE15AF48296134C9007D4D23 /* Debug */ = {
			isa = XCBuildConfiguration;
			baseConfigurationReference = 3DE967FCDA1F8A35AEEDD0FD /* Pods-Pedestrian.debug.xcconfig */;
			buildSettings = {
				ASSETCATALOG_COMPILER_APPICON_NAME = AppIcon;
				ASSETCATALOG_COMPILER_GLOBAL_ACCENT_COLOR_NAME = AccentColor;
				CODE_SIGN_STYLE = Automatic;
				CURRENT_PROJECT_VERSION = 1;
				DEVELOPMENT_TEAM = 7QBR6L4T36;
				GENERATE_INFOPLIST_FILE = YES;
				INFOPLIST_FILE = Pedestrian/Info.plist;
				INFOPLIST_KEY_NSMotionUsageDescription = "Pedestrian requires your motion data to count your daily steps.";
				INFOPLIST_KEY_UIApplicationSupportsIndirectInputEvents = YES;
				INFOPLIST_KEY_UILaunchStoryboardName = LaunchScreen;
				INFOPLIST_KEY_UISupportedInterfaceOrientations = UIInterfaceOrientationPortrait;
				INFOPLIST_KEY_UISupportedInterfaceOrientations_iPad = "UIInterfaceOrientationLandscapeLeft UIInterfaceOrientationLandscapeRight UIInterfaceOrientationPortrait UIInterfaceOrientationPortraitUpsideDown";
				IPHONEOS_DEPLOYMENT_TARGET = 15.0;
				LD_RUNPATH_SEARCH_PATHS = (
					"$(inherited)",
					"@executable_path/Frameworks",
				);
				MARKETING_VERSION = 1.0;
				PRODUCT_BUNDLE_IDENTIFIER = com.jmanuelzaragoza.SimpleSteps;
				PRODUCT_NAME = "$(TARGET_NAME)";
				SWIFT_EMIT_LOC_STRINGS = YES;
				SWIFT_VERSION = 5.0;
				TARGETED_DEVICE_FAMILY = "1,2";
			};
			name = Debug;
		};
		BE15AF49296134C9007D4D23 /* Release */ = {
			isa = XCBuildConfiguration;
			baseConfigurationReference = 9C9E5627531AB7894F7C1EBF /* Pods-Pedestrian.release.xcconfig */;
			buildSettings = {
				ASSETCATALOG_COMPILER_APPICON_NAME = AppIcon;
				ASSETCATALOG_COMPILER_GLOBAL_ACCENT_COLOR_NAME = AccentColor;
				CODE_SIGN_STYLE = Automatic;
				CURRENT_PROJECT_VERSION = 1;
				DEVELOPMENT_TEAM = 7QBR6L4T36;
				GENERATE_INFOPLIST_FILE = YES;
				INFOPLIST_FILE = Pedestrian/Info.plist;
				INFOPLIST_KEY_NSMotionUsageDescription = "Pedestrian requires your motion data to count your daily steps.";
				INFOPLIST_KEY_UIApplicationSupportsIndirectInputEvents = YES;
				INFOPLIST_KEY_UILaunchStoryboardName = LaunchScreen;
				INFOPLIST_KEY_UISupportedInterfaceOrientations = UIInterfaceOrientationPortrait;
				INFOPLIST_KEY_UISupportedInterfaceOrientations_iPad = "UIInterfaceOrientationLandscapeLeft UIInterfaceOrientationLandscapeRight UIInterfaceOrientationPortrait UIInterfaceOrientationPortraitUpsideDown";
				IPHONEOS_DEPLOYMENT_TARGET = 15.0;
				LD_RUNPATH_SEARCH_PATHS = (
					"$(inherited)",
					"@executable_path/Frameworks",
				);
				MARKETING_VERSION = 1.0;
				PRODUCT_BUNDLE_IDENTIFIER = com.jmanuelzaragoza.SimpleSteps;
				PRODUCT_NAME = "$(TARGET_NAME)";
				SWIFT_EMIT_LOC_STRINGS = YES;
				SWIFT_VERSION = 5.0;
				TARGETED_DEVICE_FAMILY = "1,2";
			};
			name = Release;
		};
/* End XCBuildConfiguration section */

/* Begin XCConfigurationList section */
		BE15AF2E296134C8007D4D23 /* Build configuration list for PBXProject "Pedestrian" */ = {
			isa = XCConfigurationList;
			buildConfigurations = (
				BE15AF45296134C9007D4D23 /* Debug */,
				BE15AF46296134C9007D4D23 /* Release */,
			);
			defaultConfigurationIsVisible = 0;
			defaultConfigurationName = Release;
		};
		BE15AF47296134C9007D4D23 /* Build configuration list for PBXNativeTarget "Pedestrian" */ = {
			isa = XCConfigurationList;
			buildConfigurations = (
				BE15AF48296134C9007D4D23 /* Debug */,
				BE15AF49296134C9007D4D23 /* Release */,
			);
			defaultConfigurationIsVisible = 0;
			defaultConfigurationName = Release;
		};
/* End XCConfigurationList section */

/* Begin XCVersionGroup section */
		BE39EF6A2971F6E600999697 /* Pedestrian.xcdatamodeld */ = {
			isa = XCVersionGroup;
			children = (
				BE39EF6B2971F6E600999697 /* Pedestrian.xcdatamodel */,
			);
			currentVersion = BE39EF6B2971F6E600999697 /* Pedestrian.xcdatamodel */;
			path = Pedestrian.xcdatamodeld;
			sourceTree = "<group>";
			versionGroupType = wrapper.xcdatamodel;
		};
/* End XCVersionGroup section */
	};
	rootObject = BE15AF2B296134C8007D4D23 /* Project object */;
}
